
Microsoft Visual Studio Solution File, Format Version 12.00
# Visual Studio Version 17
VisualStudioVersion = 17.14.36408.4
MinimumVisualStudioVersion = 10.0.40219.1
Project("{FAE04EC0-301F-11D3-BF4B-00C04F79EFBC}") = "liv", "liv\liv.csproj", "{AB9BEE02-500E-D5E9-53E9-45DA949A28CB}"
EndProject
Global
	GlobalSection(SolutionConfigurationPlatforms) = preSolution
		Debug|Any CPU = Debug|Any CPU
		Release|Any CPU = Release|Any CPU
	EndGlobalSection
	GlobalSection(ProjectConfigurationPlatforms) = postSolution
		{AB9BEE02-500E-D5E9-53E9-45DA949A28CB}.Debug|Any CPU.ActiveCfg = Debug|Any CPU
		{AB9BEE02-500E-D5E9-53E9-45DA949A28CB}.Debug|Any CPU.Build.0 = Debug|Any CPU
		{AB9BEE02-500E-D5E9-53E9-45DA949A28CB}.Release|Any CPU.ActiveCfg = Release|Any CPU
		{AB9BEE02-500E-D5E9-53E9-45DA949A28CB}.Release|Any CPU.Build.0 = Release|Any CPU
	EndGlobalSection
	GlobalSection(SolutionProperties) = preSolution
		HideSolutionNode = FALSE
	EndGlobalSection
	GlobalSection(ExtensibilityGlobals) = postSolution
		SolutionGuid = {3A29C4FE-170B-4265-ACFB-B7419E878386}
	EndGlobalSection
EndGlobal
